// !$*UTF8*$!
{
	archiveVersion = 1;
	classes = {
	};
	objectVersion = 56;
	objects = {

/* Begin PBXBuildFile section */
		81498B972F5B37C700263740 /* WhisperService.swift in Sources */ = {isa = PBXBuildFile; fileRef = 81498B962F5B37C600263740 /* WhisperService.swift */; };
		81498B9E2F5CDBD000263740 /* Secrets.swift in Sources */ = {isa = PBXBuildFile; fileRef = 81498B9C2F5CDB2D00263740 /* Secrets.swift */; };
		81498BA02F5B4A0000263740 /* SpeakingTestView.swift in Sources */ = {isa = PBXBuildFile; fileRef = 81498B9F2F5B4A0000263740 /* SpeakingTestView.swift */; };
		816A61D82FCF900B00D6C3EE /* OriginListenView.swift in Sources */ = {isa = PBXBuildFile; fileRef = 816A61D72FCF900B00D6C3EE /* OriginListenView.swift */; };
		819A36E52F9C05C1004A1687 /* ListeningTestView.swift in Sources */ = {isa = PBXBuildFile; fileRef = 819A36E42F9C05C1004A1687 /* ListeningTestView.swift */; };
		819A36E92F9EA3EA004A1687 /* what_does_it_mean.mp3 in Resources */ = {isa = PBXBuildFile; fileRef = 819A36E82F9EA3EA004A1687 /* what_does_it_mean.mp3 */; };
		819A36EA2F9EA3EA004A1687 /* not_quite_listen_again.mp3 in Resources */ = {isa = PBXBuildFile; fileRef = 819A36E72F9EA3EA004A1687 /* not_quite_listen_again.mp3 */; };
		819A36EB2F9EA3EA004A1687 /* correct.mp3 in Resources */ = {isa = PBXBuildFile; fileRef = 819A36E62F9EA3EA004A1687 /* correct.mp3 */; };
		81A80AE82FF055D100B9D2C2 /* no_audio.mp3 in Resources */ = {isa = PBXBuildFile; fileRef = 81A80AE72FF055D100B9D2C2 /* no_audio.mp3 */; };
		81A80AEA2FF1A29900B9D2C2 /* LuckiestGuy-Regular.ttf in Resources */ = {isa = PBXBuildFile; fileRef = 81A80AE92FF1A29900B9D2C2 /* LuckiestGuy-Regular.ttf */; };
		81A80AEC2FF1A2AE00B9D2C2 /* Inter-Variable.ttf in Resources */ = {isa = PBXBuildFile; fileRef = 81A80AEB2FF1A2AE00B9D2C2 /* Inter-Variable.ttf */; };
		81C2EFB12FE5506400F5A811 /* ComicRelief-Bold.ttf in Resources */ = {isa = PBXBuildFile; fileRef = 81C2EFAF2FE5506400F5A811 /* ComicRelief-Bold.ttf */; };
		81C2EFB22FE5506400F5A811 /* ComicRelief-Regular.ttf in Resources */ = {isa = PBXBuildFile; fileRef = 81C2EFB02FE5506400F5A811 /* ComicRelief-Regular.ttf */; };
		A1000001222222220000001 /* ComicReaderApp.swift in Sources */ = {isa = PBXBuildFile; fileRef = A1000001111111110000001 /* ComicReaderApp.swift */; };
		A1000001222222220000002 /* ContentView.swift in Sources */ = {isa = PBXBuildFile; fileRef = A1000001111111110000002 /* ContentView.swift */; };
		A1000001222222220000003 /* Comic.swift in Sources */ = {isa = PBXBuildFile; fileRef = A1000001111111110000003 /* Comic.swift */; };
		A1000001222222220000004 /* ComicData.swift in Sources */ = {isa = PBXBuildFile; fileRef = A1000001111111110000004 /* ComicData.swift */; };
		A1000001222222220000005 /* LibraryView.swift in Sources */ = {isa = PBXBuildFile; fileRef = A1000001111111110000005 /* LibraryView.swift */; };
		A1000001222222220000006 /* ComicDetailView.swift in Sources */ = {isa = PBXBuildFile; fileRef = A1000001111111110000006 /* ComicDetailView.swift */; };
		A1000001222222220000007 /* ReaderView.swift in Sources */ = {isa = PBXBuildFile; fileRef = A1000001111111110000007 /* ReaderView.swift */; };
		A1000001222222220000008 /* PageView.swift in Sources */ = {isa = PBXBuildFile; fileRef = A1000001111111110000008 /* PageView.swift */; };
		A1000001222222220000009 /* PanelView.swift in Sources */ = {isa = PBXBuildFile; fileRef = A1000001111111110000009 /* PanelView.swift */; };
		A1000001222222220000010 /* QuizView.swift in Sources */ = {isa = PBXBuildFile; fileRef = A1000001111111110000010 /* QuizView.swift */; };
		A1000001222222220000011 /* SettingsView.swift in Sources */ = {isa = PBXBuildFile; fileRef = A1000001111111110000011 /* SettingsView.swift */; };
		A1000001222222220000012 /* VocabularyView.swift in Sources */ = {isa = PBXBuildFile; fileRef = A1000001111111110000012 /* VocabularyView.swift */; };
		A1000001222222220000013 /* SettingsManager.swift in Sources */ = {isa = PBXBuildFile; fileRef = A1000001111111110000013 /* SettingsManager.swift */; };
		A1000001222222220000014 /* ReadingProgressManager.swift in Sources */ = {isa = PBXBuildFile; fileRef = A1000001111111110000014 /* ReadingProgressManager.swift */; };
		A1000001222222220000015 /* VocabularyManager.swift in Sources */ = {isa = PBXBuildFile; fileRef = A1000001111111110000015 /* VocabularyManager.swift */; };
		A1000001222222220000016 /* Assets.xcassets in Resources */ = {isa = PBXBuildFile; fileRef = A1000001111111110000016 /* Assets.xcassets */; };
		A1000001222222220000017 /* AudioManager.swift in Sources */ = {isa = PBXBuildFile; fileRef = A1000001111111110000018 /* AudioManager.swift */; };
		A1000001222222220000019 /* LocalComicStorage.swift in Sources */ = {isa = PBXBuildFile; fileRef = A1000001111111110000019 /* LocalComicStorage.swift */; };
		A1000001222222220000020 /* ComicStoreService.swift in Sources */ = {isa = PBXBuildFile; fileRef = A1000001111111110000020 /* ComicStoreService.swift */; };
		A1000001222222220000021 /* StoreView.swift in Sources */ = {isa = PBXBuildFile; fileRef = A1000001111111110000021 /* StoreView.swift */; };
		A1000001222222220000022 /* BundledComics in Resources */ = {isa = PBXBuildFile; fileRef = A1000001111111110000022 /* BundledComics */; };
		A1000001222222220000023 /* ComicImageLoader.swift in Sources */ = {isa = PBXBuildFile; fileRef = A1000001111111110000023 /* ComicImageLoader.swift */; };
		A1000001222222220000025 /* SpeechRecognizer.swift in Sources */ = {isa = PBXBuildFile; fileRef = A1000001111111110000025 /* SpeechRecognizer.swift */; };
		A1000001222222220000026 /* CollectionDetailView.swift in Sources */ = {isa = PBXBuildFile; fileRef = A1000001111111110000026 /* CollectionDetailView.swift */; };
		A1000001222222220000027 /* ZIPExtractor.swift in Sources */ = {isa = PBXBuildFile; fileRef = A1000001111111110000027 /* ZIPExtractor.swift */; };
		A1000001222222220000028 /* StoreCollectionDetailView.swift in Sources */ = {isa = PBXBuildFile; fileRef = A1000001111111110000028 /* StoreCollectionDetailView.swift */; };
		A1000001222222220000029 /* RepeatPracticeView.swift in Sources */ = {isa = PBXBuildFile; fileRef = A1000001111111110000029 /* RepeatPracticeView.swift */; };
		A1000001222222220000030 /* RepeatListenView.swift in Sources */ = {isa = PBXBuildFile; fileRef = A1000001111111110000030 /* RepeatListenView.swift */; };
		A1000001222222220000031 /* HotspotView.swift in Sources */ = {isa = PBXBuildFile; fileRef = A1000001111111110000031 /* HotspotView.swift */; };
		A1000001222222220000032 /* HelpMode.swift in Sources */ = {isa = PBXBuildFile; fileRef = A1000001111111110000032 /* HelpMode.swift */; };
		A1000001222222220000033 /* FlowPracticeView.swift in Sources */ = {isa = PBXBuildFile; fileRef = A1000001111111110000033 /* FlowPracticeView.swift */; };
		A1000001222222220000034 /* KeyPhrasePracticeView.swift in Sources */ = {isa = PBXBuildFile; fileRef = A1000001111111110000034 /* KeyPhrasePracticeView.swift */; };
		B2000001000000000000101 /* DemoRecording.swift in Sources */ = {isa = PBXBuildFile; fileRef = B2000001000000000000102 /* DemoRecording.swift */; };
		B2000001000000000000191 /* BubbleReel.swift in Sources */ = {isa = PBXBuildFile; fileRef = B2000001000000000000192 /* BubbleReel.swift */; };
		C3000001000000000000A11 /* AnalyticsEvent.swift in Sources */ = {isa = PBXBuildFile; fileRef = C3000001000000000000A01 /* AnalyticsEvent.swift */; };
		C3000001000000000000A12 /* AnalyticsService.swift in Sources */ = {isa = PBXBuildFile; fileRef = C3000001000000000000A02 /* AnalyticsService.swift */; };
		C3000001000000000000A13 /* PostHogAnalyticsBackend.swift in Sources */ = {isa = PBXBuildFile; fileRef = C3000001000000000000A03 /* PostHogAnalyticsBackend.swift */; };
		C3000001000000000000A14 /* PrivacyInfo.xcprivacy in Resources */ = {isa = PBXBuildFile; fileRef = C3000001000000000000A04 /* PrivacyInfo.xcprivacy */; };
		C3000001000000000000A15 /* PostHog in Frameworks */ = {isa = PBXBuildFile; productRef = C3000001000000000000B02 /* PostHog */; };
		C3000001000000000000A16 /* AnalyticsTests.swift in Sources */ = {isa = PBXBuildFile; fileRef = C3000001000000000000A06 /* AnalyticsTests.swift */; };
		C3000001000000000000A17 /* PurchaseAttribution.swift in Sources */ = {isa = PBXBuildFile; fileRef = C3000001000000000000A07 /* PurchaseAttribution.swift */; };
		C3000001000000000000A18 /* AnalyticsConsentCard.swift in Sources */ = {isa = PBXBuildFile; fileRef = C3000001000000000000A08 /* AnalyticsConsentCard.swift */; };
		C3000001000000000000A19 /* ComigoStore.storekit in Resources */ = {isa = PBXBuildFile; fileRef = C3000001000000000000A09 /* ComigoStore.storekit */; };
		C3000001000000000000D03 /* AggregateTelemetry.swift in Sources */ = {isa = PBXBuildFile; fileRef = C3000001000000000000D01 /* AggregateTelemetry.swift */; };
		C3000001000000000000D04 /* AggregateTelemetryTests.swift in Sources */ = {isa = PBXBuildFile; fileRef = C3000001000000000000D02 /* AggregateTelemetryTests.swift */; };
		C3000001000000000000E03 /* AnalyticsConsentPrompt.swift in Sources */ = {isa = PBXBuildFile; fileRef = C3000001000000000000E01 /* AnalyticsConsentPrompt.swift */; };
		C3000001000000000000E04 /* AnalyticsConsentPromptTests.swift in Sources */ = {isa = PBXBuildFile; fileRef = C3000001000000000000E02 /* AnalyticsConsentPromptTests.swift */; };
		C3000001000000000000F03 /* BundleRangeReader.swift in Sources */ = {isa = PBXBuildFile; fileRef = C3000001000000000000F01 /* BundleRangeReader.swift */; };
		C3000001000000000000F04 /* ProgressiveDownloader.swift in Sources */ = {isa = PBXBuildFile; fileRef = C3000001000000000000F02 /* ProgressiveDownloader.swift */; };
		C3000001000000000000F06 /* ProgressiveDownloadTests.swift in Sources */ = {isa = PBXBuildFile; fileRef = C3000001000000000000F05 /* ProgressiveDownloadTests.swift */; };
		C3000001000000000000F08 /* Fixtures in Resources */ = {isa = PBXBuildFile; fileRef = C3000001000000000000F07 /* Fixtures */; };
		C3000001000000000000F13 /* ComicAssetPlan.swift in Sources */ = {isa = PBXBuildFile; fileRef = C3000001000000000000F11 /* ComicAssetPlan.swift */; };
		C3000001000000000000F14 /* ComicAssetAvailability.swift in Sources */ = {isa = PBXBuildFile; fileRef = C3000001000000000000F12 /* ComicAssetAvailability.swift */; };
		C3000001000000000000F16 /* InstantReadTests.swift in Sources */ = {isa = PBXBuildFile; fileRef = C3000001000000000000F15 /* InstantReadTests.swift */; };
		C3000001000000000000F22 /* InstantOpenCoordinator.swift in Sources */ = {isa = PBXBuildFile; fileRef = C3000001000000000000F21 /* InstantOpenCoordinator.swift */; };
		C3000001000000000000F24 /* InstantOpenTests.swift in Sources */ = {isa = PBXBuildFile; fileRef = C3000001000000000000F23 /* InstantOpenTests.swift */; };
		D4000001000000000000A11 /* AccessModelService.swift in Sources */ = {isa = PBXBuildFile; fileRef = D4000001000000000000A01 /* AccessModelService.swift */; };
		D4000001000000000000A12 /* AccessModelTests.swift in Sources */ = {isa = PBXBuildFile; fileRef = D4000001000000000000A02 /* AccessModelTests.swift */; };
		F6000001000000000000A11 /* SpanishLevel.swift in Sources */ = {isa = PBXBuildFile; fileRef = F6000001000000000000A01 /* SpanishLevel.swift */; };
		F6000001000000000000A12 /* ReminderService.swift in Sources */ = {isa = PBXBuildFile; fileRef = F6000001000000000000A02 /* ReminderService.swift */; };
		F6000001000000000000A13 /* SpanishLevelView.swift in Sources */ = {isa = PBXBuildFile; fileRef = F6000001000000000000A03 /* SpanishLevelView.swift */; };
		F6000001000000000000A14 /* ReminderPromptView.swift in Sources */ = {isa = PBXBuildFile; fileRef = F6000001000000000000A04 /* ReminderPromptView.swift */; };
		F6000001000000000000A15 /* LevelAndReminderTests.swift in Sources */ = {isa = PBXBuildFile; fileRef = F6000001000000000000A05 /* LevelAndReminderTests.swift */; };
/* End PBXBuildFile section */

/* Begin PBXContainerItemProxy section */
		B2000001000000000000110 /* PBXContainerItemProxy */ = {
			isa = PBXContainerItemProxy;
			containerPortal = A1000001888888880000001 /* Project object */;
			proxyType = 1;
			remoteGlobalIDString = A1000001555555550000001;
			remoteInfo = ComicReader;
		};
		C3000001000000000000C0B /* PBXContainerItemProxy */ = {
			isa = PBXContainerItemProxy;
			containerPortal = A1000001888888880000001 /* Project object */;
			proxyType = 1;
			remoteGlobalIDString = A1000001555555550000001;
			remoteInfo = ComicReader;
		};
/* End PBXContainerItemProxy section */

/* Begin PBXFileReference section */
		81498B962F5B37C600263740 /* WhisperService.swift */ = {isa = PBXFileReference; lastKnownFileType = sourcecode.swift; path = WhisperService.swift; sourceTree = "<group>"; };
		81498B9C2F5CDB2D00263740 /* Secrets.swift */ = {isa = PBXFileReference; lastKnownFileType = sourcecode.swift; path = Secrets.swift; sourceTree = "<group>"; };
		81498B9F2F5B4A0000263740 /* SpeakingTestView.swift */ = {isa = PBXFileReference; lastKnownFileType = sourcecode.swift; path = SpeakingTestView.swift; sourceTree = "<group>"; };
		816A61D72FCF900B00D6C3EE /* OriginListenView.swift */ = {isa = PBXFileReference; lastKnownFileType = sourcecode.swift; path = OriginListenView.swift; sourceTree = "<group>"; };
		819A36E42F9C05C1004A1687 /* ListeningTestView.swift */ = {isa = PBXFileReference; lastKnownFileType = sourcecode.swift; path = ListeningTestView.swift; sourceTree = "<group>"; };
		819A36E62F9EA3EA004A1687 /* correct.mp3 */ = {isa = PBXFileReference; lastKnownFileType = audio.mp3; path = correct.mp3; sourceTree = "<group>"; };
		819A36E72F9EA3EA004A1687 /* not_quite_listen_again.mp3 */ = {isa = PBXFileReference; lastKnownFileType = audio.mp3; path = not_quite_listen_again.mp3; sourceTree = "<group>"; };
		819A36E82F9EA3EA004A1687 /* what_does_it_mean.mp3 */ = {isa = PBXFileReference; lastKnownFileType = audio.mp3; path = what_does_it_mean.mp3; sourceTree = "<group>"; };
		81A80AE72FF055D100B9D2C2 /* no_audio.mp3 */ = {isa = PBXFileReference; lastKnownFileType = audio.mp3; path = no_audio.mp3; sourceTree = "<group>"; };
		81A80AE92FF1A29900B9D2C2 /* LuckiestGuy-Regular.ttf */ = {isa = PBXFileReference; lastKnownFileType = file; path = "LuckiestGuy-Regular.ttf"; sourceTree = "<group>"; };
		81A80AEB2FF1A2AE00B9D2C2 /* Inter-Variable.ttf */ = {isa = PBXFileReference; lastKnownFileType = file; path = "Inter-Variable.ttf"; sourceTree = "<group>"; };
		81C2EFAF2FE5506400F5A811 /* ComicRelief-Bold.ttf */ = {isa = PBXFileReference; lastKnownFileType = file; path = "ComicRelief-Bold.ttf"; sourceTree = "<group>"; };
		81C2EFB02FE5506400F5A811 /* ComicRelief-Regular.ttf */ = {isa = PBXFileReference; lastKnownFileType = file; path = "ComicRelief-Regular.ttf"; sourceTree = "<group>"; };
		A1000001000000000000001 /* ComicReader.app */ = {isa = PBXFileReference; explicitFileType = wrapper.application; includeInIndex = 0; path = ComicReader.app; sourceTree = BUILT_PRODUCTS_DIR; };
		A1000001111111110000001 /* ComicReaderApp.swift */ = {isa = PBXFileReference; lastKnownFileType = sourcecode.swift; path = ComicReaderApp.swift; sourceTree = "<group>"; };
		A1000001111111110000002 /* ContentView.swift */ = {isa = PBXFileReference; lastKnownFileType = sourcecode.swift; path = ContentView.swift; sourceTree = "<group>"; };
		A1000001111111110000003 /* Comic.swift */ = {isa = PBXFileReference; lastKnownFileType = sourcecode.swift; path = Comic.swift; sourceTree = "<group>"; };
		A1000001111111110000004 /* ComicData.swift */ = {isa = PBXFileReference; lastKnownFileType = sourcecode.swift; path = ComicData.swift; sourceTree = "<group>"; };
		A1000001111111110000005 /* LibraryView.swift */ = {isa = PBXFileReference; lastKnownFileType = sourcecode.swift; path = LibraryView.swift; sourceTree = "<group>"; };
		A1000001111111110000006 /* ComicDetailView.swift */ = {isa = PBXFileReference; lastKnownFileType = sourcecode.swift; path = ComicDetailView.swift; sourceTree = "<group>"; };
		A1000001111111110000007 /* ReaderView.swift */ = {isa = PBXFileReference; lastKnownFileType = sourcecode.swift; path = ReaderView.swift; sourceTree = "<group>"; };
		A1000001111111110000008 /* PageView.swift */ = {isa = PBXFileReference; lastKnownFileType = sourcecode.swift; path = PageView.swift; sourceTree = "<group>"; };
		A1000001111111110000009 /* PanelView.swift */ = {isa = PBXFileReference; lastKnownFileType = sourcecode.swift; path = PanelView.swift; sourceTree = "<group>"; };
		A1000001111111110000010 /* QuizView.swift */ = {isa = PBXFileReference; lastKnownFileType = sourcecode.swift; path = QuizView.swift; sourceTree = "<group>"; };
		A1000001111111110000011 /* SettingsView.swift */ = {isa = PBXFileReference; lastKnownFileType = sourcecode.swift; path = SettingsView.swift; sourceTree = "<group>"; };
		A1000001111111110000012 /* VocabularyView.swift */ = {isa = PBXFileReference; lastKnownFileType = sourcecode.swift; path = VocabularyView.swift; sourceTree = "<group>"; };
		A1000001111111110000013 /* SettingsManager.swift */ = {isa = PBXFileReference; lastKnownFileType = sourcecode.swift; path = SettingsManager.swift; sourceTree = "<group>"; };
		A1000001111111110000014 /* ReadingProgressManager.swift */ = {isa = PBXFileReference; lastKnownFileType = sourcecode.swift; path = ReadingProgressManager.swift; sourceTree = "<group>"; };
		A1000001111111110000015 /* VocabularyManager.swift */ = {isa = PBXFileReference; lastKnownFileType = sourcecode.swift; path = VocabularyManager.swift; sourceTree = "<group>"; };
		A1000001111111110000016 /* Assets.xcassets */ = {isa = PBXFileReference; lastKnownFileType = folder.assetcatalog; path = Assets.xcassets; sourceTree = "<group>"; };
		A1000001111111110000017 /* Info.plist */ = {isa = PBXFileReference; lastKnownFileType = text.plist.xml; path = Info.plist; sourceTree = "<group>"; };
		A1000001111111110000018 /* AudioManager.swift */ = {isa = PBXFileReference; lastKnownFileType = sourcecode.swift; path = AudioManager.swift; sourceTree = "<group>"; };
		A1000001111111110000019 /* LocalComicStorage.swift */ = {isa = PBXFileReference; lastKnownFileType = sourcecode.swift; path = LocalComicStorage.swift; sourceTree = "<group>"; };
		A1000001111111110000020 /* ComicStoreService.swift */ = {isa = PBXFileReference; lastKnownFileType = sourcecode.swift; path = ComicStoreService.swift; sourceTree = "<group>"; };
		A1000001111111110000021 /* StoreView.swift */ = {isa = PBXFileReference; lastKnownFileType = sourcecode.swift; path = StoreView.swift; sourceTree = "<group>"; };
		A1000001111111110000022 /* BundledComics */ = {isa = PBXFileReference; lastKnownFileType = folder; path = BundledComics; sourceTree = "<group>"; };
		A1000001111111110000023 /* ComicImageLoader.swift */ = {isa = PBXFileReference; lastKnownFileType = sourcecode.swift; path = ComicImageLoader.swift; sourceTree = "<group>"; };
		A1000001111111110000025 /* SpeechRecognizer.swift */ = {isa = PBXFileReference; lastKnownFileType = sourcecode.swift; path = SpeechRecognizer.swift; sourceTree = "<group>"; };
		A1000001111111110000026 /* CollectionDetailView.swift */ = {isa = PBXFileReference; lastKnownFileType = sourcecode.swift; path = CollectionDetailView.swift; sourceTree = "<group>"; };
		A1000001111111110000027 /* ZIPExtractor.swift */ = {isa = PBXFileReference; lastKnownFileType = sourcecode.swift; path = ZIPExtractor.swift; sourceTree = "<group>"; };
		A1000001111111110000028 /* StoreCollectionDetailView.swift */ = {isa = PBXFileReference; lastKnownFileType = sourcecode.swift; path = StoreCollectionDetailView.swift; sourceTree = "<group>"; };
		A1000001111111110000029 /* RepeatPracticeView.swift */ = {isa = PBXFileReference; lastKnownFileType = sourcecode.swift; path = RepeatPracticeView.swift; sourceTree = "<group>"; };
		A1000001111111110000030 /* RepeatListenView.swift */ = {isa = PBXFileReference; lastKnownFileType = sourcecode.swift; path = RepeatListenView.swift; sourceTree = "<group>"; };
		A1000001111111110000031 /* HotspotView.swift */ = {isa = PBXFileReference; lastKnownFileType = sourcecode.swift; path = HotspotView.swift; sourceTree = "<group>"; };
		A1000001111111110000032 /* HelpMode.swift */ = {isa = PBXFileReference; lastKnownFileType = sourcecode.swift; path = HelpMode.swift; sourceTree = "<group>"; };
		A1000001111111110000033 /* FlowPracticeView.swift */ = {isa = PBXFileReference; lastKnownFileType = sourcecode.swift; path = FlowPracticeView.swift; sourceTree = "<group>"; };
		A1000001111111110000034 /* KeyPhrasePracticeView.swift */ = {isa = PBXFileReference; lastKnownFileType = sourcecode.swift; path = KeyPhrasePracticeView.swift; sourceTree = "<group>"; };
		B2000001000000000000102 /* DemoRecording.swift */ = {isa = PBXFileReference; lastKnownFileType = sourcecode.swift; path = DemoRecording.swift; sourceTree = "<group>"; };
		B2000001000000000000103 /* ComicReaderUITests.xctest */ = {isa = PBXFileReference; explicitFileType = wrapper.cfbundle; includeInIndex = 0; path = ComicReaderUITests.xctest; sourceTree = BUILT_PRODUCTS_DIR; };
		B2000001000000000000192 /* BubbleReel.swift */ = {isa = PBXFileReference; lastKnownFileType = sourcecode.swift; path = BubbleReel.swift; sourceTree = "<group>"; };
		C3000001000000000000A01 /* AnalyticsEvent.swift */ = {isa = PBXFileReference; lastKnownFileType = sourcecode.swift; path = AnalyticsEvent.swift; sourceTree = "<group>"; };
		C3000001000000000000A02 /* AnalyticsService.swift */ = {isa = PBXFileReference; lastKnownFileType = sourcecode.swift; path = AnalyticsService.swift; sourceTree = "<group>"; };
		C3000001000000000000A03 /* PostHogAnalyticsBackend.swift */ = {isa = PBXFileReference; lastKnownFileType = sourcecode.swift; path = PostHogAnalyticsBackend.swift; sourceTree = "<group>"; };
		C3000001000000000000A04 /* PrivacyInfo.xcprivacy */ = {isa = PBXFileReference; lastKnownFileType = text.xml; path = PrivacyInfo.xcprivacy; sourceTree = "<group>"; };
		C3000001000000000000A05 /* ComicReaderTests.xctest */ = {isa = PBXFileReference; explicitFileType = wrapper.cfbundle; includeInIndex = 0; path = ComicReaderTests.xctest; sourceTree = BUILT_PRODUCTS_DIR; };
		C3000001000000000000A06 /* AnalyticsTests.swift */ = {isa = PBXFileReference; lastKnownFileType = sourcecode.swift; path = AnalyticsTests.swift; sourceTree = "<group>"; };
		C3000001000000000000A07 /* PurchaseAttribution.swift */ = {isa = PBXFileReference; lastKnownFileType = sourcecode.swift; path = PurchaseAttribution.swift; sourceTree = "<group>"; };
		C3000001000000000000A08 /* AnalyticsConsentCard.swift */ = {isa = PBXFileReference; lastKnownFileType = sourcecode.swift; path = AnalyticsConsentCard.swift; sourceTree = "<group>"; };
		C3000001000000000000A09 /* ComigoStore.storekit */ = {isa = PBXFileReference; lastKnownFileType = text; path = ComigoStore.storekit; sourceTree = "<group>"; };
		C3000001000000000000D01 /* AggregateTelemetry.swift */ = {isa = PBXFileReference; lastKnownFileType = sourcecode.swift; path = AggregateTelemetry.swift; sourceTree = "<group>"; };
		C3000001000000000000D02 /* AggregateTelemetryTests.swift */ = {isa = PBXFileReference; lastKnownFileType = sourcecode.swift; path = AggregateTelemetryTests.swift; sourceTree = "<group>"; };
		C3000001000000000000E01 /* AnalyticsConsentPrompt.swift */ = {isa = PBXFileReference; lastKnownFileType = sourcecode.swift; path = AnalyticsConsentPrompt.swift; sourceTree = "<group>"; };
		C3000001000000000000E02 /* AnalyticsConsentPromptTests.swift */ = {isa = PBXFileReference; lastKnownFileType = sourcecode.swift; path = AnalyticsConsentPromptTests.swift; sourceTree = "<group>"; };
		C3000001000000000000F01 /* BundleRangeReader.swift */ = {isa = PBXFileReference; lastKnownFileType = sourcecode.swift; path = BundleRangeReader.swift; sourceTree = "<group>"; };
		C3000001000000000000F02 /* ProgressiveDownloader.swift */ = {isa = PBXFileReference; lastKnownFileType = sourcecode.swift; path = ProgressiveDownloader.swift; sourceTree = "<group>"; };
		C3000001000000000000F05 /* ProgressiveDownloadTests.swift */ = {isa = PBXFileReference; lastKnownFileType = sourcecode.swift; path = ProgressiveDownloadTests.swift; sourceTree = "<group>"; };
		C3000001000000000000F07 /* Fixtures */ = {isa = PBXFileReference; lastKnownFileType = folder; path = Fixtures; sourceTree = "<group>"; };
		C3000001000000000000F11 /* ComicAssetPlan.swift */ = {isa = PBXFileReference; lastKnownFileType = sourcecode.swift; path = ComicAssetPlan.swift; sourceTree = "<group>"; };
		C3000001000000000000F12 /* ComicAssetAvailability.swift */ = {isa = PBXFileReference; lastKnownFileType = sourcecode.swift; path = ComicAssetAvailability.swift; sourceTree = "<group>"; };
		C3000001000000000000F15 /* InstantReadTests.swift */ = {isa = PBXFileReference; lastKnownFileType = sourcecode.swift; path = InstantReadTests.swift; sourceTree = "<group>"; };
		C3000001000000000000F21 /* InstantOpenCoordinator.swift */ = {isa = PBXFileReference; lastKnownFileType = sourcecode.swift; path = InstantOpenCoordinator.swift; sourceTree = "<group>"; };
		C3000001000000000000F23 /* InstantOpenTests.swift */ = {isa = PBXFileReference; lastKnownFileType = sourcecode.swift; path = InstantOpenTests.swift; sourceTree = "<group>"; };
		D4000001000000000000A01 /* AccessModelService.swift */ = {isa = PBXFileReference; lastKnownFileType = sourcecode.swift; path = AccessModelService.swift; sourceTree = "<group>"; };
		D4000001000000000000A02 /* AccessModelTests.swift */ = {isa = PBXFileReference; lastKnownFileType = sourcecode.swift; path = AccessModelTests.swift; sourceTree = "<group>"; };
		F6000001000000000000A01 /* SpanishLevel.swift */ = {isa = PBXFileReference; lastKnownFileType = sourcecode.swift; path = SpanishLevel.swift; sourceTree = "<group>"; };
		F6000001000000000000A02 /* ReminderService.swift */ = {isa = PBXFileReference; lastKnownFileType = sourcecode.swift; path = ReminderService.swift; sourceTree = "<group>"; };
		F6000001000000000000A03 /* SpanishLevelView.swift */ = {isa = PBXFileReference; lastKnownFileType = sourcecode.swift; path = SpanishLevelView.swift; sourceTree = "<group>"; };
		F6000001000000000000A04 /* ReminderPromptView.swift */ = {isa = PBXFileReference; lastKnownFileType = sourcecode.swift; path = ReminderPromptView.swift; sourceTree = "<group>"; };
		F6000001000000000000A05 /* LevelAndReminderTests.swift */ = {isa = PBXFileReference; lastKnownFileType = sourcecode.swift; path = LevelAndReminderTests.swift; sourceTree = "<group>"; };
/* End PBXFileReference section */

/* Begin PBXFrameworksBuildPhase section */
		A1000001333333330000001 /* Frameworks */ = {
			isa = PBXFrameworksBuildPhase;
			buildActionMask = 2147483647;
			files = (
				C3000001000000000000A15 /* PostHog in Frameworks */,
			);
			runOnlyForDeploymentPostprocessing = 0;
		};
		B2000001000000000000104 /* Frameworks */ = {
			isa = PBXFrameworksBuildPhase;
			buildActionMask = 2147483647;
			files = (
			);
			runOnlyForDeploymentPostprocessing = 0;
		};
		C3000001000000000000C04 /* Frameworks */ = {
			isa = PBXFrameworksBuildPhase;
			buildActionMask = 2147483647;
			files = (
			);
			runOnlyForDeploymentPostprocessing = 0;
		};
/* End PBXFrameworksBuildPhase section */

/* Begin PBXGroup section */
		81498B9D2F5CDB2D00263740 /* Config */ = {
			isa = PBXGroup;
			children = (
				81498B9C2F5CDB2D00263740 /* Secrets.swift */,
			);
			path = Config;
			sourceTree = "<group>";
		};
		A1000001444444440000001 = {
			isa = PBXGroup;
			children = (
				A1000001444444440000002 /* ComicReader */,
				A1000001444444440000003 /* Products */,
				B2000001000000000000105 /* ComicReaderUITests */,
				C3000001000000000000C01 /* ComicReaderTests */,
			);
			sourceTree = "<group>";
		};
		A1000001444444440000002 /* ComicReader */ = {
			isa = PBXGroup;
			children = (
				81498B9D2F5CDB2D00263740 /* Config */,
				A1000001111111110000001 /* ComicReaderApp.swift */,
				A1000001111111110000002 /* ContentView.swift */,
				A1000001444444440000004 /* Models */,
				A1000001444444440000005 /* Views */,
				A1000001444444440000006 /* Services */,
				A1000001111111110000022 /* BundledComics */,
				A1000001111111110000016 /* Assets.xcassets */,
				A1000001111111110000017 /* Info.plist */,
				C3000001000000000000A04 /* PrivacyInfo.xcprivacy */,
				819A36E62F9EA3EA004A1687 /* correct.mp3 */,
				81A80AE72FF055D100B9D2C2 /* no_audio.mp3 */,
				819A36E72F9EA3EA004A1687 /* not_quite_listen_again.mp3 */,
				819A36E82F9EA3EA004A1687 /* what_does_it_mean.mp3 */,
				81C2EFAF2FE5506400F5A811 /* ComicRelief-Bold.ttf */,
				81C2EFB02FE5506400F5A811 /* ComicRelief-Regular.ttf */,
				81A80AE92FF1A29900B9D2C2 /* LuckiestGuy-Regular.ttf */,
				81A80AEB2FF1A2AE00B9D2C2 /* Inter-Variable.ttf */,
			);
			path = ComicReader;
			sourceTree = "<group>";
		};
		A1000001444444440000003 /* Products */ = {
			isa = PBXGroup;
			children = (
				A1000001000000000000001 /* ComicReader.app */,
				B2000001000000000000103 /* ComicReaderUITests.xctest */,
				C3000001000000000000A05 /* ComicReaderTests.xctest */,
			);
			name = Products;
			sourceTree = "<group>";
		};
		A1000001444444440000004 /* Models */ = {
			isa = PBXGroup;
			children = (
				A1000001111111110000003 /* Comic.swift */,
				A1000001111111110000004 /* ComicData.swift */,
			);
			path = Models;
			sourceTree = "<group>";
		};
		A1000001444444440000005 /* Views */ = {
			isa = PBXGroup;
			children = (
				816A61D72FCF900B00D6C3EE /* OriginListenView.swift */,
				819A36E42F9C05C1004A1687 /* ListeningTestView.swift */,
				A1000001111111110000005 /* LibraryView.swift */,
				A1000001111111110000006 /* ComicDetailView.swift */,
				A1000001111111110000007 /* ReaderView.swift */,
				A1000001111111110000008 /* PageView.swift */,
				A1000001111111110000009 /* PanelView.swift */,
				A1000001111111110000010 /* QuizView.swift */,
				A1000001111111110000011 /* SettingsView.swift */,
				A1000001111111110000012 /* VocabularyView.swift */,
				A1000001111111110000021 /* StoreView.swift */,
				81498B9F2F5B4A0000263740 /* SpeakingTestView.swift */,
				A1000001111111110000026 /* CollectionDetailView.swift */,
				A1000001111111110000028 /* StoreCollectionDetailView.swift */,
				A1000001111111110000029 /* RepeatPracticeView.swift */,
				A1000001111111110000030 /* RepeatListenView.swift */,
				A1000001111111110000031 /* HotspotView.swift */,
				A1000001111111110000032 /* HelpMode.swift */,
				A1000001111111110000033 /* FlowPracticeView.swift */,
				A1000001111111110000034 /* KeyPhrasePracticeView.swift */,
				C3000001000000000000A08 /* AnalyticsConsentCard.swift */,
				F6000001000000000000A04 /* ReminderPromptView.swift */,
				F6000001000000000000A03 /* SpanishLevelView.swift */,
			);
			path = Views;
			sourceTree = "<group>";
		};
		A1000001444444440000006 /* Services */ = {
			isa = PBXGroup;
			children = (
				81498B962F5B37C600263740 /* WhisperService.swift */,
				A1000001111111110000013 /* SettingsManager.swift */,
				A1000001111111110000014 /* ReadingProgressManager.swift */,
				A1000001111111110000015 /* VocabularyManager.swift */,
				A1000001111111110000018 /* AudioManager.swift */,
				A1000001111111110000019 /* LocalComicStorage.swift */,
				A1000001111111110000020 /* ComicStoreService.swift */,
				A1000001111111110000023 /* ComicImageLoader.swift */,
				A1000001111111110000025 /* SpeechRecognizer.swift */,
				A1000001111111110000027 /* ZIPExtractor.swift */,
				C3000001000000000000F01 /* BundleRangeReader.swift */,
				C3000001000000000000F02 /* ProgressiveDownloader.swift */,
				C3000001000000000000F11 /* ComicAssetPlan.swift */,
				C3000001000000000000F12 /* ComicAssetAvailability.swift */,
				C3000001000000000000F21 /* InstantOpenCoordinator.swift */,
				D4000001000000000000A01 /* AccessModelService.swift */,
				F6000001000000000000A02 /* ReminderService.swift */,
				F6000001000000000000A01 /* SpanishLevel.swift */,
				C3000001000000000000C02 /* Analytics */,
			);
			path = Services;
			sourceTree = "<group>";
		};
		B2000001000000000000105 /* ComicReaderUITests */ = {
			isa = PBXGroup;
			children = (
				B2000001000000000000102 /* DemoRecording.swift */,
				B2000001000000000000192 /* BubbleReel.swift */,
			);
			path = ComicReaderUITests;
			sourceTree = "<group>";
		};
		C3000001000000000000C01 /* ComicReaderTests */ = {
			isa = PBXGroup;
			children = (
				C3000001000000000000A06 /* AnalyticsTests.swift */,
				C3000001000000000000D02 /* AggregateTelemetryTests.swift */,
				C3000001000000000000E02 /* AnalyticsConsentPromptTests.swift */,
				C3000001000000000000F05 /* ProgressiveDownloadTests.swift */,
				C3000001000000000000F15 /* InstantReadTests.swift */,
				C3000001000000000000F23 /* InstantOpenTests.swift */,
				C3000001000000000000F07 /* Fixtures */,
				D4000001000000000000A02 /* AccessModelTests.swift */,
				F6000001000000000000A05 /* LevelAndReminderTests.swift */,
				C3000001000000000000A09 /* ComigoStore.storekit */,
			);
			path = ComicReaderTests;
			sourceTree = "<group>";
		};
		C3000001000000000000C02 /* Analytics */ = {
			isa = PBXGroup;
			children = (
				C3000001000000000000A01 /* AnalyticsEvent.swift */,
				C3000001000000000000A02 /* AnalyticsService.swift */,
				C3000001000000000000A03 /* PostHogAnalyticsBackend.swift */,
				C3000001000000000000A07 /* PurchaseAttribution.swift */,
				C3000001000000000000D01 /* AggregateTelemetry.swift */,
				C3000001000000000000E01 /* AnalyticsConsentPrompt.swift */,
			);
			path = Analytics;
			sourceTree = "<group>";
		};
/* End PBXGroup section */

/* Begin PBXNativeTarget section */
		A1000001555555550000001 /* ComicReader */ = {
			isa = PBXNativeTarget;
			buildConfigurationList = A1000001777777770000001 /* Build configuration list for PBXNativeTarget "ComicReader" */;
			buildPhases = (
				A1000001666666660000001 /* Sources */,
				A1000001333333330000001 /* Frameworks */,
				A1000001666666660000002 /* Resources */,
			);
			buildRules = (
			);
			dependencies = (
			);
			name = ComicReader;
			packageProductDependencies = (
				C3000001000000000000B02 /* PostHog */,
			);
			productName = ComicReader;
			productReference = A1000001000000000000001 /* ComicReader.app */;
			productType = "com.apple.product-type.application";
		};
		B2000001000000000000106 /* ComicReaderUITests */ = {
			isa = PBXNativeTarget;
			buildConfigurationList = B2000001000000000000107 /* Build configuration list for PBXNativeTarget "ComicReaderUITests" */;
			buildPhases = (
				B2000001000000000000108 /* Sources */,
				B2000001000000000000104 /* Frameworks */,
			);
			buildRules = (
			);
			dependencies = (
				B2000001000000000000109 /* PBXTargetDependency */,
			);
			name = ComicReaderUITests;
			productName = ComicReaderUITests;
			productReference = B2000001000000000000103 /* ComicReaderUITests.xctest */;
			productType = "com.apple.product-type.bundle.ui-testing";
		};
		C3000001000000000000C03 /* ComicReaderTests */ = {
			isa = PBXNativeTarget;
			buildConfigurationList = C3000001000000000000C08 /* Build configuration list for PBXNativeTarget "ComicReaderTests" */;
			buildPhases = (
				C3000001000000000000C05 /* Sources */,
				C3000001000000000000C04 /* Frameworks */,
				C3000001000000000000C0C /* Resources */,
			);
			buildRules = (
			);
			dependencies = (
				C3000001000000000000C0A /* PBXTargetDependency */,
			);
			name = ComicReaderTests;
			productName = ComicReaderTests;
			productReference = C3000001000000000000A05 /* ComicReaderTests.xctest */;
			productType = "com.apple.product-type.bundle.unit-test";
		};
/* End PBXNativeTarget section */

/* Begin PBXProject section */
		A1000001888888880000001 /* Project object */ = {
			isa = PBXProject;
			attributes = {
				BuildIndependentTargetsInParallel = 1;
				LastSwiftUpdateCheck = 1500;
				LastUpgradeCheck = 1500;
				TargetAttributes = {
					A1000001555555550000001 = {
						CreatedOnToolsVersion = 15.0;
					};
					B2000001000000000000106 = {
						CreatedOnToolsVersion = 15.0;
						TestTargetID = A1000001555555550000001;
					};
					C3000001000000000000C03 = {
						CreatedOnToolsVersion = 15.0;
						TestTargetID = A1000001555555550000001;
					};
				};
			};
			buildConfigurationList = A1000001777777770000002 /* Build configuration list for PBXProject "ComicReader" */;
			compatibilityVersion = "Xcode 14.0";
			developmentRegion = en;
			hasScannedForEncodings = 0;
			knownRegions = (
				en,
				Base,
				es,
			);
			mainGroup = A1000001444444440000001;
			packageReferences = (
				C3000001000000000000B01 /* XCRemoteSwiftPackageReference "posthog-ios" */,
			);
			productRefGroup = A1000001444444440000003 /* Products */;
			projectDirPath = "";
			projectRoot = "";
			targets = (
				A1000001555555550000001 /* ComicReader */,
				B2000001000000000000106 /* ComicReaderUITests */,
				C3000001000000000000C03 /* ComicReaderTests */,
			);
		};
/* End PBXProject section */

/* Begin PBXResourcesBuildPhase section */
		A1000001666666660000002 /* Resources */ = {
			isa = PBXResourcesBuildPhase;
			buildActionMask = 2147483647;
			files = (
				81A80AE82FF055D100B9D2C2 /* no_audio.mp3 in Resources */,
				819A36E92F9EA3EA004A1687 /* what_does_it_mean.mp3 in Resources */,
				81A80AEA2FF1A29900B9D2C2 /* LuckiestGuy-Regular.ttf in Resources */,
				819A36EA2F9EA3EA004A1687 /* not_quite_listen_again.mp3 in Resources */,
				81C2EFB12FE5506400F5A811 /* ComicRelief-Bold.ttf in Resources */,
				81C2EFB22FE5506400F5A811 /* ComicRelief-Regular.ttf in Resources */,
				819A36EB2F9EA3EA004A1687 /* correct.mp3 in Resources */,
				81A80AEC2FF1A2AE00B9D2C2 /* Inter-Variable.ttf in Resources */,
				A1000001222222220000022 /* BundledComics in Resources */,
				A1000001222222220000016 /* Assets.xcassets in Resources */,
				C3000001000000000000A14 /* PrivacyInfo.xcprivacy in Resources */,
			);
			runOnlyForDeploymentPostprocessing = 0;
		};
		C3000001000000000000C0C /* Resources */ = {
			isa = PBXResourcesBuildPhase;
			buildActionMask = 2147483647;
			files = (
				C3000001000000000000A19 /* ComigoStore.storekit in Resources */,
				C3000001000000000000F08 /* Fixtures in Resources */,
			);
			runOnlyForDeploymentPostprocessing = 0;
		};
/* End PBXResourcesBuildPhase section */

/* Begin PBXSourcesBuildPhase section */
		A1000001666666660000001 /* Sources */ = {
			isa = PBXSourcesBuildPhase;
			buildActionMask = 2147483647;
			files = (
				A1000001222222220000001 /* ComicReaderApp.swift in Sources */,
				81498B9E2F5CDBD000263740 /* Secrets.swift in Sources */,
				A1000001222222220000002 /* ContentView.swift in Sources */,
				816A61D82FCF900B00D6C3EE /* OriginListenView.swift in Sources */,
				81498B972F5B37C700263740 /* WhisperService.swift in Sources */,
				81498BA02F5B4A0000263740 /* SpeakingTestView.swift in Sources */,
				819A36E52F9C05C1004A1687 /* ListeningTestView.swift in Sources */,
				A1000001222222220000003 /* Comic.swift in Sources */,
				A1000001222222220000004 /* ComicData.swift in Sources */,
				A1000001222222220000005 /* LibraryView.swift in Sources */,
				A1000001222222220000006 /* ComicDetailView.swift in Sources */,
				A1000001222222220000007 /* ReaderView.swift in Sources */,
				A1000001222222220000008 /* PageView.swift in Sources */,
				A1000001222222220000009 /* PanelView.swift in Sources */,
				A1000001222222220000010 /* QuizView.swift in Sources */,
				A1000001222222220000011 /* SettingsView.swift in Sources */,
				A1000001222222220000012 /* VocabularyView.swift in Sources */,
				A1000001222222220000013 /* SettingsManager.swift in Sources */,
				A1000001222222220000014 /* ReadingProgressManager.swift in Sources */,
				A1000001222222220000015 /* VocabularyManager.swift in Sources */,
				A1000001222222220000017 /* AudioManager.swift in Sources */,
				A1000001222222220000019 /* LocalComicStorage.swift in Sources */,
				A1000001222222220000020 /* ComicStoreService.swift in Sources */,
				A1000001222222220000021 /* StoreView.swift in Sources */,
				A1000001222222220000023 /* ComicImageLoader.swift in Sources */,
				A1000001222222220000025 /* SpeechRecognizer.swift in Sources */,
				A1000001222222220000026 /* CollectionDetailView.swift in Sources */,
				A1000001222222220000027 /* ZIPExtractor.swift in Sources */,
				A1000001222222220000028 /* StoreCollectionDetailView.swift in Sources */,
				A1000001222222220000029 /* RepeatPracticeView.swift in Sources */,
				A1000001222222220000030 /* RepeatListenView.swift in Sources */,
				A1000001222222220000031 /* HotspotView.swift in Sources */,
				A1000001222222220000032 /* HelpMode.swift in Sources */,
				A1000001222222220000033 /* FlowPracticeView.swift in Sources */,
				A1000001222222220000034 /* KeyPhrasePracticeView.swift in Sources */,
				C3000001000000000000A11 /* AnalyticsEvent.swift in Sources */,
				C3000001000000000000A12 /* AnalyticsService.swift in Sources */,
				C3000001000000000000A13 /* PostHogAnalyticsBackend.swift in Sources */,
				C3000001000000000000A17 /* PurchaseAttribution.swift in Sources */,
				C3000001000000000000D03 /* AggregateTelemetry.swift in Sources */,
				C3000001000000000000E03 /* AnalyticsConsentPrompt.swift in Sources */,
				C3000001000000000000F03 /* BundleRangeReader.swift in Sources */,
				C3000001000000000000F04 /* ProgressiveDownloader.swift in Sources */,
				C3000001000000000000F13 /* ComicAssetPlan.swift in Sources */,
				C3000001000000000000F14 /* ComicAssetAvailability.swift in Sources */,
				C3000001000000000000F22 /* InstantOpenCoordinator.swift in Sources */,
				C3000001000000000000A18 /* AnalyticsConsentCard.swift in Sources */,
				D4000001000000000000A11 /* AccessModelService.swift in Sources */,
				F6000001000000000000A14 /* ReminderPromptView.swift in Sources */,
				F6000001000000000000A13 /* SpanishLevelView.swift in Sources */,
				F6000001000000000000A12 /* ReminderService.swift in Sources */,
				F6000001000000000000A11 /* SpanishLevel.swift in Sources */,
			);
			runOnlyForDeploymentPostprocessing = 0;
		};
		B2000001000000000000108 /* Sources */ = {
			isa = PBXSourcesBuildPhase;
			buildActionMask = 2147483647;
			files = (
				B2000001000000000000101 /* DemoRecording.swift in Sources */,
				B2000001000000000000191 /* BubbleReel.swift in Sources */,
			);
			runOnlyForDeploymentPostprocessing = 0;
		};
		C3000001000000000000C05 /* Sources */ = {
			isa = PBXSourcesBuildPhase;
			buildActionMask = 2147483647;
			files = (
				C3000001000000000000A16 /* AnalyticsTests.swift in Sources */,
				C3000001000000000000D04 /* AggregateTelemetryTests.swift in Sources */,
				C3000001000000000000E04 /* AnalyticsConsentPromptTests.swift in Sources */,
				C3000001000000000000F06 /* ProgressiveDownloadTests.swift in Sources */,
				C3000001000000000000F16 /* InstantReadTests.swift in Sources */,
				C3000001000000000000F24 /* InstantOpenTests.swift in Sources */,
				D4000001000000000000A12 /* AccessModelTests.swift in Sources */,
				F6000001000000000000A15 /* LevelAndReminderTests.swift in Sources */,
			);
			runOnlyForDeploymentPostprocessing = 0;
		};
/* End PBXSourcesBuildPhase section */

/* Begin PBXTargetDependency section */
		B2000001000000000000109 /* PBXTargetDependency */ = {
			isa = PBXTargetDependency;
			target = A1000001555555550000001 /* ComicReader */;
			targetProxy = B2000001000000000000110 /* PBXContainerItemProxy */;
		};
		C3000001000000000000C0A /* PBXTargetDependency */ = {
			isa = PBXTargetDependency;
			target = A1000001555555550000001 /* ComicReader */;
			targetProxy = C3000001000000000000C0B /* PBXContainerItemProxy */;
		};
/* End PBXTargetDependency section */

/* Begin XCBuildConfiguration section */
		A1000001999999990000001 /* Debug */ = {
			isa = XCBuildConfiguration;
			buildSettings = {
				ALWAYS_SEARCH_USER_PATHS = NO;
				ASSETCATALOG_COMPILER_GENERATE_SWIFT_ASSET_SYMBOL_EXTENSIONS = YES;
				CLANG_ANALYZER_NONNULL = YES;
				CLANG_ANALYZER_NUMBER_OBJECT_CONVERSION = YES_AGGRESSIVE;
				CLANG_CXX_LANGUAGE_STANDARD = "gnu++20";
				CLANG_ENABLE_MODULES = YES;
				CLANG_ENABLE_OBJC_ARC = YES;
				CLANG_ENABLE_OBJC_WEAK = YES;
				CLANG_WARN_BLOCK_CAPTURE_AUTORELEASING = YES;
				CLANG_WARN_BOOL_CONVERSION = YES;
				CLANG_WARN_COMMA = YES;
				CLANG_WARN_CONSTANT_CONVERSION = YES;
				CLANG_WARN_DEPRECATED_OBJC_IMPLEMENTATIONS = YES;
				CLANG_WARN_DIRECT_OBJC_ISA_USAGE = YES_ERROR;
				CLANG_WARN_DOCUMENTATION_COMMENTS = YES;
				CLANG_WARN_EMPTY_BODY = YES;
				CLANG_WARN_ENUM_CONVERSION = YES;
				CLANG_WARN_INFINITE_RECURSION = YES;
				CLANG_WARN_INT_CONVERSION = YES;
				CLANG_WARN_NON_LITERAL_NULL_CONVERSION = YES;
				CLANG_WARN_OBJC_IMPLICIT_RETAIN_SELF = YES;
				CLANG_WARN_OBJC_LITERAL_CONVERSION = YES;
				CLANG_WARN_OBJC_ROOT_CLASS = YES_ERROR;
				CLANG_WARN_QUOTED_INCLUDE_IN_FRAMEWORK_HEADER = YES;
				CLANG_WARN_RANGE_LOOP_ANALYSIS = YES;
				CLANG_WARN_STRICT_PROTOTYPES = YES;
				CLANG_WARN_SUSPICIOUS_MOVE = YES;
				CLANG_WARN_UNGUARDED_AVAILABILITY = YES_AGGRESSIVE;
				CLANG_WARN_UNREACHABLE_CODE = YES;
				CLANG_WARN__DUPLICATE_METHOD_MATCH = YES;
				COPY_PHASE_STRIP = NO;
				DEBUG_INFORMATION_FORMAT = dwarf;
				ENABLE_STRICT_OBJC_MSGSEND = YES;
				ENABLE_TESTABILITY = YES;
				ENABLE_USER_SCRIPT_SANDBOXING = YES;
				GCC_C_LANGUAGE_STANDARD = gnu17;
				GCC_DYNAMIC_NO_PIC = NO;
				GCC_NO_COMMON_BLOCKS = YES;
				GCC_OPTIMIZATION_LEVEL = 0;
				GCC_PREPROCESSOR_DEFINITIONS = (
					"DEBUG=1",
					"$(inherited)",
				);
				GCC_WARN_64_TO_32_BIT_CONVERSION = YES;
				GCC_WARN_ABOUT_RETURN_TYPE = YES_ERROR;
				GCC_WARN_UNDECLARED_SELECTOR = YES;
				GCC_WARN_UNINITIALIZED_AUTOS = YES_AGGRESSIVE;
				GCC_WARN_UNUSED_FUNCTION = YES;
				GCC_WARN_UNUSED_VARIABLE = YES;
				IPHONEOS_DEPLOYMENT_TARGET = 17.0;
				LOCALIZATION_PREFERS_STRING_CATALOGS = YES;
				MTL_ENABLE_DEBUG_INFO = INCLUDE_SOURCE;
				MTL_FAST_MATH = YES;
				ONLY_ACTIVE_ARCH = YES;
				SDKROOT = iphoneos;
				SWIFT_ACTIVE_COMPILATION_CONDITIONS = "DEBUG $(inherited)";
				SWIFT_OPTIMIZATION_LEVEL = "-Onone";
			};
			name = Debug;
		};
		A1000001999999990000002 /* Release */ = {
			isa = XCBuildConfiguration;
			buildSettings = {
				ALWAYS_SEARCH_USER_PATHS = NO;
				ASSETCATALOG_COMPILER_GENERATE_SWIFT_ASSET_SYMBOL_EXTENSIONS = YES;
				CLANG_ANALYZER_NONNULL = YES;
				CLANG_ANALYZER_NUMBER_OBJECT_CONVERSION = YES_AGGRESSIVE;
				CLANG_CXX_LANGUAGE_STANDARD = "gnu++20";
				CLANG_ENABLE_MODULES = YES;
				CLANG_ENABLE_OBJC_ARC = YES;
				CLANG_ENABLE_OBJC_WEAK = YES;
				CLANG_WARN_BLOCK_CAPTURE_AUTORELEASING = YES;
				CLANG_WARN_BOOL_CONVERSION = YES;
				CLANG_WARN_COMMA = YES;
				CLANG_WARN_CONSTANT_CONVERSION = YES;
				CLANG_WARN_DEPRECATED_OBJC_IMPLEMENTATIONS = YES;
				CLANG_WARN_DIRECT_OBJC_ISA_USAGE = YES_ERROR;
				CLANG_WARN_DOCUMENTATION_COMMENTS = YES;
				CLANG_WARN_EMPTY_BODY = YES;
				CLANG_WARN_ENUM_CONVERSION = YES;
				CLANG_WARN_INFINITE_RECURSION = YES;
				CLANG_WARN_INT_CONVERSION = YES;
				CLANG_WARN_NON_LITERAL_NULL_CONVERSION = YES;
				CLANG_WARN_OBJC_IMPLICIT_RETAIN_SELF = YES;
				CLANG_WARN_OBJC_LITERAL_CONVERSION = YES;
				CLANG_WARN_OBJC_ROOT_CLASS = YES_ERROR;
				CLANG_WARN_QUOTED_INCLUDE_IN_FRAMEWORK_HEADER = YES;
				CLANG_WARN_RANGE_LOOP_ANALYSIS = YES;
				CLANG_WARN_STRICT_PROTOTYPES = YES;
				CLANG_WARN_SUSPICIOUS_MOVE = YES;
				CLANG_WARN_UNGUARDED_AVAILABILITY = YES_AGGRESSIVE;
				CLANG_WARN_UNREACHABLE_CODE = YES;
				CLANG_WARN__DUPLICATE_METHOD_MATCH = YES;
				COPY_PHASE_STRIP = NO;
				DEBUG_INFORMATION_FORMAT = "dwarf-with-dsym";
				ENABLE_NS_ASSERTIONS = NO;
				ENABLE_STRICT_OBJC_MSGSEND = YES;
				ENABLE_USER_SCRIPT_SANDBOXING = YES;
				GCC_C_LANGUAGE_STANDARD = gnu17;
				GCC_NO_COMMON_BLOCKS = YES;
				GCC_WARN_64_TO_32_BIT_CONVERSION = YES;
				GCC_WARN_ABOUT_RETURN_TYPE = YES_ERROR;
				GCC_WARN_UNDECLARED_SELECTOR = YES;
				GCC_WARN_UNINITIALIZED_AUTOS = YES_AGGRESSIVE;
				GCC_WARN_UNUSED_FUNCTION = YES;
				GCC_WARN_UNUSED_VARIABLE = YES;
				IPHONEOS_DEPLOYMENT_TARGET = 17.0;
				LOCALIZATION_PREFERS_STRING_CATALOGS = YES;
				MTL_ENABLE_DEBUG_INFO = NO;
				MTL_FAST_MATH = YES;
				SDKROOT = iphoneos;
				SWIFT_COMPILATION_MODE = wholemodule;
				VALIDATE_PRODUCT = YES;
			};
			name = Release;
		};
		A1000001999999990000003 /* Debug */ = {
			isa = XCBuildConfiguration;
			buildSettings = {
				ASSETCATALOG_COMPILER_APPICON_NAME = AppIcon;
				ASSETCATALOG_COMPILER_GLOBAL_ACCENT_COLOR_NAME = AccentColor;
				CODE_SIGN_STYLE = Automatic;
				CURRENT_PROJECT_VERSION = 204;
				DEVELOPMENT_TEAM = M2YB4CVVQP;
				ENABLE_PREVIEWS = YES;
				GENERATE_INFOPLIST_FILE = YES;
				INFOPLIST_FILE = ComicReader/Info.plist;
				INFOPLIST_KEY_CFBundleDisplayName = Comigo;
				INFOPLIST_KEY_LSApplicationCategoryType = "public.app-category.education";
				INFOPLIST_KEY_UIApplicationSceneManifest_Generation = YES;
				INFOPLIST_KEY_UIApplicationSupportsIndirectInputEvents = YES;
				INFOPLIST_KEY_UILaunchScreen_Generation = YES;
				INFOPLIST_KEY_UISupportedInterfaceOrientations = UIInterfaceOrientationPortrait;
				INFOPLIST_KEY_UISupportedInterfaceOrientations_iPad = "UIInterfaceOrientationLandscapeLeft UIInterfaceOrientationLandscapeRight UIInterfaceOrientationPortrait UIInterfaceOrientationPortraitUpsideDown";
				LD_RUNPATH_SEARCH_PATHS = (
					"$(inherited)",
					"@executable_path/Frameworks",
				);
				MARKETING_VERSION = 1.1.2;
				PRODUCT_BUNDLE_IDENTIFIER = com.comicreader.app;
				PRODUCT_NAME = "$(TARGET_NAME)";
				SUPPORTED_PLATFORMS = "iphoneos iphonesimulator";
				SUPPORTS_MACCATALYST = NO;
				SWIFT_EMIT_LOC_STRINGS = YES;
				SWIFT_VERSION = 5.0;
				TARGETED_DEVICE_FAMILY = "1,2";
			};
			name = Debug;
		};
		A1000001999999990000004 /* Release */ = {
			isa = XCBuildConfiguration;
			buildSettings = {
				ASSETCATALOG_COMPILER_APPICON_NAME = AppIcon;
				ASSETCATALOG_COMPILER_GLOBAL_ACCENT_COLOR_NAME = AccentColor;
				CODE_SIGN_STYLE = Automatic;
				CURRENT_PROJECT_VERSION = 204;
				DEVELOPMENT_TEAM = M2YB4CVVQP;
				ENABLE_PREVIEWS = YES;
				GENERATE_INFOPLIST_FILE = YES;
				INFOPLIST_FILE = ComicReader/Info.plist;
				INFOPLIST_KEY_CFBundleDisplayName = Comigo;
				INFOPLIST_KEY_LSApplicationCategoryType = "public.app-category.education";
				INFOPLIST_KEY_UIApplicationSceneManifest_Generation = YES;
				INFOPLIST_KEY_UIApplicationSupportsIndirectInputEvents = YES;
				INFOPLIST_KEY_UILaunchScreen_Generation = YES;
				INFOPLIST_KEY_UISupportedInterfaceOrientations = UIInterfaceOrientationPortrait;
				INFOPLIST_KEY_UISupportedInterfaceOrientations_iPad = "UIInterfaceOrientationLandscapeLeft UIInterfaceOrientationLandscapeRight UIInterfaceOrientationPortrait UIInterfaceOrientationPortraitUpsideDown";
				LD_RUNPATH_SEARCH_PATHS = (
					"$(inherited)",
					"@executable_path/Frameworks",
				);
				MARKETING_VERSION = 1.1.2;
				PRODUCT_BUNDLE_IDENTIFIER = com.comicreader.app;
				PRODUCT_NAME = "$(TARGET_NAME)";
				SUPPORTED_PLATFORMS = "iphoneos iphonesimulator";
				SUPPORTS_MACCATALYST = NO;
				SWIFT_EMIT_LOC_STRINGS = YES;
				SWIFT_VERSION = 5.0;
				TARGETED_DEVICE_FAMILY = "1,2";
			};
			name = Release;
		};
		B2000001000000000000111 /* Debug */ = {
			isa = XCBuildConfiguration;
			buildSettings = {
				CODE_SIGN_STYLE = Automatic;
				CURRENT_PROJECT_VERSION = 1;
				DEVELOPMENT_TEAM = M2YB4CVVQP;
				GENERATE_INFOPLIST_FILE = YES;
				IPHONEOS_DEPLOYMENT_TARGET = 17.0;
				MARKETING_VERSION = 1.1.2;
				PRODUCT_BUNDLE_IDENTIFIER = com.comicreader.app.uitests;
				PRODUCT_NAME = "$(TARGET_NAME)";
				SDKROOT = iphoneos;
				SUPPORTED_PLATFORMS = "iphoneos iphonesimulator";
				SWIFT_EMIT_LOC_STRINGS = NO;
				SWIFT_VERSION = 5.0;
				TARGETED_DEVICE_FAMILY = "1,2";
				TEST_TARGET_NAME = ComicReader;
			};
			name = Debug;
		};
		B2000001000000000000112 /* Release */ = {
			isa = XCBuildConfiguration;
			buildSettings = {
				CODE_SIGN_STYLE = Automatic;
				CURRENT_PROJECT_VERSION = 1;
				DEVELOPMENT_TEAM = M2YB4CVVQP;
				GENERATE_INFOPLIST_FILE = YES;
				IPHONEOS_DEPLOYMENT_TARGET = 17.0;
				MARKETING_VERSION = 1.1.2;
				PRODUCT_BUNDLE_IDENTIFIER = com.comicreader.app.uitests;
				PRODUCT_NAME = "$(TARGET_NAME)";
				SDKROOT = iphoneos;
				SUPPORTED_PLATFORMS = "iphoneos iphonesimulator";
				SWIFT_EMIT_LOC_STRINGS = NO;
				SWIFT_VERSION = 5.0;
				TARGETED_DEVICE_FAMILY = "1,2";
				TEST_TARGET_NAME = ComicReader;
			};
			name = Release;
		};
		C3000001000000000000C06 /* Debug */ = {
			isa = XCBuildConfiguration;
			buildSettings = {
				BUNDLE_LOADER = "$(TEST_HOST)";
				CODE_SIGN_STYLE = Automatic;
				CURRENT_PROJECT_VERSION = 1;
				DEVELOPMENT_TEAM = M2YB4CVVQP;
				GENERATE_INFOPLIST_FILE = YES;
				IPHONEOS_DEPLOYMENT_TARGET = 17.0;
				MARKETING_VERSION = 1.1.2;
				PRODUCT_BUNDLE_IDENTIFIER = com.comicreader.app.tests;
				PRODUCT_NAME = "$(TARGET_NAME)";
				SDKROOT = iphoneos;
				SUPPORTED_PLATFORMS = "iphoneos iphonesimulator";
				SWIFT_EMIT_LOC_STRINGS = NO;
				SWIFT_VERSION = 5.0;
				TARGETED_DEVICE_FAMILY = "1,2";
				TEST_HOST = "$(BUILT_PRODUCTS_DIR)/ComicReader.app/$(BUNDLE_EXECUTABLE_FOLDER_PATH)/ComicReader";
			};
			name = Debug;
		};
		C3000001000000000000C07 /* Release */ = {
			isa = XCBuildConfiguration;
			buildSettings = {
				BUNDLE_LOADER = "$(TEST_HOST)";
				CODE_SIGN_STYLE = Automatic;
				CURRENT_PROJECT_VERSION = 1;
				DEVELOPMENT_TEAM = M2YB4CVVQP;
				GENERATE_INFOPLIST_FILE = YES;
				IPHONEOS_DEPLOYMENT_TARGET = 17.0;
				MARKETING_VERSION = 1.1.2;
				PRODUCT_BUNDLE_IDENTIFIER = com.comicreader.app.tests;
				PRODUCT_NAME = "$(TARGET_NAME)";
				SDKROOT = iphoneos;
				SUPPORTED_PLATFORMS = "iphoneos iphonesimulator";
				SWIFT_EMIT_LOC_STRINGS = NO;
				SWIFT_VERSION = 5.0;
				TARGETED_DEVICE_FAMILY = "1,2";
				TEST_HOST = "$(BUILT_PRODUCTS_DIR)/ComicReader.app/$(BUNDLE_EXECUTABLE_FOLDER_PATH)/ComicReader";
			};
			name = Release;
		};
/* End XCBuildConfiguration section */

/* Begin XCConfigurationList section */
		A1000001777777770000001 /* Build configuration list for PBXNativeTarget "ComicReader" */ = {
			isa = XCConfigurationList;
			buildConfigurations = (
				A1000001999999990000003 /* Debug */,
				A1000001999999990000004 /* Release */,
			);
			defaultConfigurationIsVisible = 0;
			defaultConfigurationName = Release;
		};
		A1000001777777770000002 /* Build configuration list for PBXProject "ComicReader" */ = {
			isa = XCConfigurationList;
			buildConfigurations = (
				A1000001999999990000001 /* Debug */,
				A1000001999999990000002 /* Release */,
			);
			defaultConfigurationIsVisible = 0;
			defaultConfigurationName = Release;
		};
		B2000001000000000000107 /* Build configuration list for PBXNativeTarget "ComicReaderUITests" */ = {
			isa = XCConfigurationList;
			buildConfigurations = (
				B2000001000000000000111 /* Debug */,
				B2000001000000000000112 /* Release */,
			);
			defaultConfigurationIsVisible = 0;
			defaultConfigurationName = Release;
		};
		C3000001000000000000C08 /* Build configuration list for PBXNativeTarget "ComicReaderTests" */ = {
			isa = XCConfigurationList;
			buildConfigurations = (
				C3000001000000000000C06 /* Debug */,
				C3000001000000000000C07 /* Release */,
			);
			defaultConfigurationIsVisible = 0;
			defaultConfigurationName = Release;
		};
/* End XCConfigurationList section */

/* Begin XCRemoteSwiftPackageReference section */
		C3000001000000000000B01 /* XCRemoteSwiftPackageReference "posthog-ios" */ = {
			isa = XCRemoteSwiftPackageReference;
			repositoryURL = "https://github.com/PostHog/posthog-ios.git";
			requirement = {
				kind = exactVersion;
				version = 3.85.0;
			};
		};
/* End XCRemoteSwiftPackageReference section */

/* Begin XCSwiftPackageProductDependency section */
		C3000001000000000000B02 /* PostHog */ = {
			isa = XCSwiftPackageProductDependency;
			package = C3000001000000000000B01 /* XCRemoteSwiftPackageReference "posthog-ios" */;
			productName = PostHog;
		};
/* End XCSwiftPackageProductDependency section */
	};
	rootObject = A1000001888888880000001 /* Project object */;
}
